
Microsoft Visual Studio Solution File, Format Version 12.00
# Visual Studio Version 16
VisualStudioVersion = 16.0.32106.194
MinimumVisualStudioVersion = 10.0.40219.1
Project("{FAE04EC0-301F-11D3-BF4B-00C04F79EFBC}") = "DotNet5CoreWebApp", "DotNet5CoreWebApp\DotNet5CoreWebApp.csproj", "{44E74BC0-1356-4CD3-B3F1-173A6E8F0D3B}"
EndProject
Global
	GlobalSection(SolutionConfigurationPlatforms) = preSolution
		Debug|Any CPU = Debug|Any CPU
		Release|Any CPU = Release|Any CPU
	EndGlobalSection
	GlobalSection(ProjectConfigurationPlatforms) = postSolution
		{44E74BC0-1356-4CD3-B3F1-173A6E8F0D3B}.Debug|Any CPU.ActiveCfg = Debug|Any CPU
		{44E74BC0-1356-4CD3-B3F1-173A6E8F0D3B}.Debug|Any CPU.Build.0 = Debug|Any CPU
		{44E74BC0-1356-4CD3-B3F1-173A6E8F0D3B}.Release|Any CPU.ActiveCfg = Release|Any CPU
		{44E74BC0-1356-4CD3-B3F1-173A6E8F0D3B}.Release|Any CPU.Build.0 = Release|Any CPU
	EndGlobalSection
	GlobalSection(SolutionProperties) = preSolution
		HideSolutionNode = FALSE
	EndGlobalSection
	GlobalSection(ExtensibilityGlobals) = postSolution
		SolutionGuid = {EA49CA8E-7428-4BAB-ABED-AF24554946C5}
	EndGlobalSection
EndGlobal
